{
    __meta__ = {
        version = "1.0"
    },
    ["windows|x64"] = {
        ["cmake#f56260b5"] = {
            repo = {
                branch = "master",
                commit = "fe2a73b07622d172ec4f8584418500fb945c51cd",
                url = "https://gitlab.com/tboox/xmake-repo.git"
            },
            version = "4.1.3"
        },
        ["ninja#f56260b5"] = {
            repo = {
                branch = "master",
                commit = "fe2a73b07622d172ec4f8584418500fb945c51cd",
                url = "https://gitlab.com/tboox/xmake-repo.git"
            },
            version = "1.12.1"
        },
        ["simpleini#f56260b5"] = {
            repo = {
                branch = "master",
                commit = "6e0aa54f304434eba0e87e3715b0b20f6a109aba",
                url = "https://gitlab.com/tboox/xmake-repo.git"
            },
            version = "v4.22"
        },
        ["spdlog#09c8c173"] = {
            repo = {
                branch = "master",
                commit = "fe2a73b07622d172ec4f8584418500fb945c51cd",
                url = "https://gitlab.com/tboox/xmake-repo.git"
            },
            version = "v1.16.0"
        }
    }
}